
Microsoft Visual Studio Solution File, Format Version 12.00
# Visual Studio Version 17
VisualStudioVersion = 17.0.32014.148
MinimumVisualStudioVersion = 10.0.40219.1
Project("{FAE04EC0-301F-11D3-BF4B-00C04F79EFBC}") = "TestProject1", "TestProject1\TestProject1.csproj", "{C3D5964A-9395-4F87-A585-1BF46943EAEF}"
EndProject
Global
	GlobalSection(SolutionConfigurationPlatforms) = preSolution
		Debug|Any CPU = Debug|Any CPU
		Release|Any CPU = Release|Any CPU
	EndGlobalSection
	GlobalSection(ProjectConfigurationPlatforms) = postSolution
		{C3D5964A-9395-4F87-A585-1BF46943EAEF}.Debug|Any CPU.ActiveCfg = Debug|Any CPU
		{C3D5964A-9395-4F87-A585-1BF46943EAEF}.Debug|Any CPU.Build.0 = Debug|Any CPU
		{C3D5964A-9395-4F87-A585-1BF46943EAEF}.Release|Any CPU.ActiveCfg = Release|Any CPU
		{C3D5964A-9395-4F87-A585-1BF46943EAEF}.Release|Any CPU.Build.0 = Release|Any CPU
	EndGlobalSection
	GlobalSection(SolutionProperties) = preSolution
		HideSolutionNode = FALSE
	EndGlobalSection
	GlobalSection(ExtensibilityGlobals) = postSolution
		SolutionGuid = {1B39B995-7F2C-4D64-9825-A33BE60DAAC5}
	EndGlobalSection
EndGlobal
